
Microsoft Visual Studio Solution File, Format Version 12.00
# Visual Studio Version 17
VisualStudioVersion = 17.2.32526.322
MinimumVisualStudioVersion = 10.0.40219.1
Project("{9A19103F-16F7-4668-BE54-9A1E7A4F7556}") = "DataAccess", "DataAccess\DataAccess.csproj", "{189E7802-1217-4034-85DC-4CC290514ED3}"
EndProject
Project("{9A19103F-16F7-4668-BE54-9A1E7A4F7556}") = "Entities", "Entities\Entities.csproj", "{3AEF9823-92F2-4E17-B13E-AB42559DBD51}"
EndProject
Project("{9A19103F-16F7-4668-BE54-9A1E7A4F7556}") = "Core", "Core\Core.csproj", "{4DFAE322-D52A-46C9-AE5E-F6B934C62D81}"
EndProject
Project("{9A19103F-16F7-4668-BE54-9A1E7A4F7556}") = "Business", "Business\Business.csproj", "{824CAE11-0D66-4CBA-A0A4-D68D164177FC}"
EndProject
Project("{FAE04EC0-301F-11D3-BF4B-00C04F79EFBC}") = "ConsoleApp1", "ConsoleApp1\ConsoleApp1.csproj", "{DF99A610-FA0E-4BCA-9FEA-83BFD63BD1C2}"
EndProject
Global
	GlobalSection(SolutionConfigurationPlatforms) = preSolution
		Debug|Any CPU = Debug|Any CPU
		Release|Any CPU = Release|Any CPU
	EndGlobalSection
	GlobalSection(ProjectConfigurationPlatforms) = postSolution
		{189E7802-1217-4034-85DC-4CC290514ED3}.Debug|Any CPU.ActiveCfg = Debug|Any CPU
		{189E7802-1217-4034-85DC-4CC290514ED3}.Debug|Any CPU.Build.0 = Debug|Any CPU
		{189E7802-1217-4034-85DC-4CC290514ED3}.Release|Any CPU.ActiveCfg = Release|Any CPU
		{189E7802-1217-4034-85DC-4CC290514ED3}.Release|Any CPU.Build.0 = Release|Any CPU
		{3AEF9823-92F2-4E17-B13E-AB42559DBD51}.Debug|Any CPU.ActiveCfg = Debug|Any CPU
		{3AEF9823-92F2-4E17-B13E-AB42559DBD51}.Debug|Any CPU.Build.0 = Debug|Any CPU
		{3AEF9823-92F2-4E17-B13E-AB42559DBD51}.Release|Any CPU.ActiveCfg = Release|Any CPU
		{3AEF9823-92F2-4E17-B13E-AB42559DBD51}.Release|Any CPU.Build.0 = Release|Any CPU
		{4DFAE322-D52A-46C9-AE5E-F6B934C62D81}.Debug|Any CPU.ActiveCfg = Debug|Any CPU
		{4DFAE322-D52A-46C9-AE5E-F6B934C62D81}.Debug|Any CPU.Build.0 = Debug|Any CPU
		{4DFAE322-D52A-46C9-AE5E-F6B934C62D81}.Release|Any CPU.ActiveCfg = Release|Any CPU
		{4DFAE322-D52A-46C9-AE5E-F6B934C62D81}.Release|Any CPU.Build.0 = Release|Any CPU
		{824CAE11-0D66-4CBA-A0A4-D68D164177FC}.Debug|Any CPU.ActiveCfg = Debug|Any CPU
		{824CAE11-0D66-4CBA-A0A4-D68D164177FC}.Debug|Any CPU.Build.0 = Debug|Any CPU
		{824CAE11-0D66-4CBA-A0A4-D68D164177FC}.Release|Any CPU.ActiveCfg = Release|Any CPU
		{824CAE11-0D66-4CBA-A0A4-D68D164177FC}.Release|Any CPU.Build.0 = Release|Any CPU
		{DF99A610-FA0E-4BCA-9FEA-83BFD63BD1C2}.Debug|Any CPU.ActiveCfg = Debug|Any CPU
		{DF99A610-FA0E-4BCA-9FEA-83BFD63BD1C2}.Debug|Any CPU.Build.0 = Debug|Any CPU
		{DF99A610-FA0E-4BCA-9FEA-83BFD63BD1C2}.Release|Any CPU.ActiveCfg = Release|Any CPU
		{DF99A610-FA0E-4BCA-9FEA-83BFD63BD1C2}.Release|Any CPU.Build.0 = Release|Any CPU
	EndGlobalSection
	GlobalSection(SolutionProperties) = preSolution
		HideSolutionNode = FALSE
	EndGlobalSection
	GlobalSection(ExtensibilityGlobals) = postSolution
		SolutionGuid = {F1122A5C-39C6-4F52-8FF0-27F57BD04C46}
	EndGlobalSection
EndGlobal
